
Microsoft Visual Studio Solution File, Format Version 11.00
# Visual C# Express 2010
Project("{FAE04EC0-301F-11D3-BF4B-00C04F79EFBC}") = "TestHarness", "TestHarness.csproj", "{BDDF8E8F-4E14-42C4-A259-ACD132A2073D}"
EndProject
Project("{FAE04EC0-301F-11D3-BF4B-00C04F79EFBC}") = "TestCases", "TestCases\TestCases.csproj", "{59BCCB62-AA13-4029-8958-AD174D316703}"
EndProject
Project("{FAE04EC0-301F-11D3-BF4B-00C04F79EFBC}") = "ChkUtils", "ChkUtils\ChkUtils.csproj", "{8AF7DD7E-394E-4816-B738-0764E1E60DD8}"
EndProject
Project("{FAE04EC0-301F-11D3-BF4B-00C04F79EFBC}") = "SpStateMachine", "SpStateMachine\SpStateMachine.csproj", "{7DD2FEF1-CAC1-46AC-8CF6-A27ECEB43A6F}"
EndProject
Global
	GlobalSection(SolutionConfigurationPlatforms) = preSolution
		Debug|Any CPU = Debug|Any CPU
		Release|Any CPU = Release|Any CPU
	EndGlobalSection
	GlobalSection(ProjectConfigurationPlatforms) = postSolution
		{BDDF8E8F-4E14-42C4-A259-ACD132A2073D}.Debug|Any CPU.ActiveCfg = Debug|Any CPU
		{BDDF8E8F-4E14-42C4-A259-ACD132A2073D}.Debug|Any CPU.Build.0 = Debug|Any CPU
		{BDDF8E8F-4E14-42C4-A259-ACD132A2073D}.Release|Any CPU.ActiveCfg = Release|Any CPU
		{BDDF8E8F-4E14-42C4-A259-ACD132A2073D}.Release|Any CPU.Build.0 = Release|Any CPU
		{59BCCB62-AA13-4029-8958-AD174D316703}.Debug|Any CPU.ActiveCfg = Debug|Any CPU
		{59BCCB62-AA13-4029-8958-AD174D316703}.Debug|Any CPU.Build.0 = Debug|Any CPU
		{59BCCB62-AA13-4029-8958-AD174D316703}.Release|Any CPU.ActiveCfg = Release|Any CPU
		{59BCCB62-AA13-4029-8958-AD174D316703}.Release|Any CPU.Build.0 = Release|Any CPU
		{8AF7DD7E-394E-4816-B738-0764E1E60DD8}.Debug|Any CPU.ActiveCfg = Debug|Any CPU
		{8AF7DD7E-394E-4816-B738-0764E1E60DD8}.Debug|Any CPU.Build.0 = Debug|Any CPU
		{8AF7DD7E-394E-4816-B738-0764E1E60DD8}.Release|Any CPU.ActiveCfg = Release|Any CPU
		{8AF7DD7E-394E-4816-B738-0764E1E60DD8}.Release|Any CPU.Build.0 = Release|Any CPU
		{7DD2FEF1-CAC1-46AC-8CF6-A27ECEB43A6F}.Debug|Any CPU.ActiveCfg = Debug|Any CPU
		{7DD2FEF1-CAC1-46AC-8CF6-A27ECEB43A6F}.Debug|Any CPU.Build.0 = Debug|Any CPU
		{7DD2FEF1-CAC1-46AC-8CF6-A27ECEB43A6F}.Release|Any CPU.ActiveCfg = Release|Any CPU
		{7DD2FEF1-CAC1-46AC-8CF6-A27ECEB43A6F}.Release|Any CPU.Build.0 = Release|Any CPU
	EndGlobalSection
	GlobalSection(SolutionProperties) = preSolution
		HideSolutionNode = FALSE
	EndGlobalSection
EndGlobal
