
Microsoft Visual Studio Solution File, Format Version 11.00
# Visual C# Express 2010
Project("{FAE04EC0-301F-11D3-BF4B-00C04F79EFBC}") = "TestHarness", "TestHarness.csproj", "{BDDF8E8F-4E14-42C4-A259-ACD132A2073D}"
	ProjectSection(ProjectDependencies) = postProject
		{390A2686-C924-416B-8E97-48D188EE9F74} = {390A2686-C924-416B-8E97-48D188EE9F74}
	EndProjectSection
EndProject
Project("{FAE04EC0-301F-11D3-BF4B-00C04F79EFBC}") = "Utils", "..\Utils\Utils.csproj", "{390A2686-C924-416B-8E97-48D188EE9F74}"
EndProject
Global
	GlobalSection(SolutionConfigurationPlatforms) = preSolution
		Debug|Any CPU = Debug|Any CPU
		Release|Any CPU = Release|Any CPU
	EndGlobalSection
	GlobalSection(ProjectConfigurationPlatforms) = postSolution
		{BDDF8E8F-4E14-42C4-A259-ACD132A2073D}.Debug|Any CPU.ActiveCfg = Debug|Any CPU
		{BDDF8E8F-4E14-42C4-A259-ACD132A2073D}.Debug|Any CPU.Build.0 = Debug|Any CPU
		{BDDF8E8F-4E14-42C4-A259-ACD132A2073D}.Release|Any CPU.ActiveCfg = Release|Any CPU
		{BDDF8E8F-4E14-42C4-A259-ACD132A2073D}.Release|Any CPU.Build.0 = Release|Any CPU
		{390A2686-C924-416B-8E97-48D188EE9F74}.Debug|Any CPU.ActiveCfg = Debug|Any CPU
		{390A2686-C924-416B-8E97-48D188EE9F74}.Debug|Any CPU.Build.0 = Debug|Any CPU
		{390A2686-C924-416B-8E97-48D188EE9F74}.Release|Any CPU.ActiveCfg = Release|Any CPU
		{390A2686-C924-416B-8E97-48D188EE9F74}.Release|Any CPU.Build.0 = Release|Any CPU
	EndGlobalSection
	GlobalSection(SolutionProperties) = preSolution
		HideSolutionNode = FALSE
	EndGlobalSection
EndGlobal
